// !$*UTF8*$!
{
	archiveVersion = 1;
	classes = {
	};
	objectVersion = 56;
	objects = {

/* Begin PBXBuildFile section */
		ED6F641129E574C200830CE2 /* AppDelegate.swift in Sources */ = {isa = PBXBuildFile; fileRef = ED6F641029E574C200830CE2 /* AppDelegate.swift */; };
		ED6F641329E574C200830CE2 /* SceneDelegate.swift in Sources */ = {isa = PBXBuildFile; fileRef = ED6F641229E574C200830CE2 /* SceneDelegate.swift */; };
		ED6F641529E574C200830CE2 /* ConversationsViewController.swift in Sources */ = {isa = PBXBuildFile; fileRef = ED6F641429E574C200830CE2 /* ConversationsViewController.swift */; };
		ED6F641829E574C200830CE2 /* Main.storyboard in Resources */ = {isa = PBXBuildFile; fileRef = ED6F641629E574C200830CE2 /* Main.storyboard */; };
		ED6F641A29E574C400830CE2 /* Assets.xcassets in Resources */ = {isa = PBXBuildFile; fileRef = ED6F641929E574C400830CE2 /* Assets.xcassets */; };
		ED6F641D29E574C400830CE2 /* LaunchScreen.storyboard in Resources */ = {isa = PBXBuildFile; fileRef = ED6F641B29E574C400830CE2 /* LaunchScreen.storyboard */; };
		ED6F642B29E585EA00830CE2 /* LoginViewController.swift in Sources */ = {isa = PBXBuildFile; fileRef = ED6F642A29E585EA00830CE2 /* LoginViewController.swift */; };
		ED6F642D29E585F700830CE2 /* RegisterViewController.swift in Sources */ = {isa = PBXBuildFile; fileRef = ED6F642C29E585F700830CE2 /* RegisterViewController.swift */; };
		ED6F643029E5861800830CE2 /* PhotoViewerViewController.swift in Sources */ = {isa = PBXBuildFile; fileRef = ED6F642F29E5861800830CE2 /* PhotoViewerViewController.swift */; };
		ED6F643229E5862600830CE2 /* VideoPlayerViewController.swift in Sources */ = {isa = PBXBuildFile; fileRef = ED6F643129E5862600830CE2 /* VideoPlayerViewController.swift */; };
		ED6F643429E5863800830CE2 /* NewConversationViewController.swift in Sources */ = {isa = PBXBuildFile; fileRef = ED6F643329E5863800830CE2 /* NewConversationViewController.swift */; };
		ED6F643629E5864600830CE2 /* ProfileViewController.swift in Sources */ = {isa = PBXBuildFile; fileRef = ED6F643529E5864600830CE2 /* ProfileViewController.swift */; };
		ED6F643829E5937C00830CE2 /* Extensions.swift in Sources */ = {isa = PBXBuildFile; fileRef = ED6F643729E5937C00830CE2 /* Extensions.swift */; };
		ED6F643A29E599E900830CE2 /* ReusableTextField.swift in Sources */ = {isa = PBXBuildFile; fileRef = ED6F643929E599E900830CE2 /* ReusableTextField.swift */; };
		ED6F643D29E59E7000830CE2 /* ReusableButton.swift in Sources */ = {isa = PBXBuildFile; fileRef = ED6F643C29E59E7000830CE2 /* ReusableButton.swift */; };
		ED6F643F29E8393F00830CE2 /* GoogleService-Info.plist in Resources */ = {isa = PBXBuildFile; fileRef = ED6F643E29E8393F00830CE2 /* GoogleService-Info.plist */; };
		ED6F644229E83A5D00830CE2 /* FirebaseAuth in Frameworks */ = {isa = PBXBuildFile; productRef = ED6F644129E83A5D00830CE2 /* FirebaseAuth */; };
		ED6F644429E83A5D00830CE2 /* FirebaseAuthCombine-Community in Frameworks */ = {isa = PBXBuildFile; productRef = ED6F644329E83A5D00830CE2 /* FirebaseAuthCombine-Community */; };
		ED6F644629E83A5D00830CE2 /* FirebaseDatabase in Frameworks */ = {isa = PBXBuildFile; productRef = ED6F644529E83A5D00830CE2 /* FirebaseDatabase */; };
		ED6F644829E83A5D00830CE2 /* FirebaseDatabaseSwift in Frameworks */ = {isa = PBXBuildFile; productRef = ED6F644729E83A5D00830CE2 /* FirebaseDatabaseSwift */; };
		ED6F644A29E83A5D00830CE2 /* FirebaseFirestore in Frameworks */ = {isa = PBXBuildFile; productRef = ED6F644929E83A5D00830CE2 /* FirebaseFirestore */; };
		ED6F644C29E83A5D00830CE2 /* FirebaseFirestoreCombine-Community in Frameworks */ = {isa = PBXBuildFile; productRef = ED6F644B29E83A5D00830CE2 /* FirebaseFirestoreCombine-Community */; };
		ED6F644E29E83A5D00830CE2 /* FirebaseFirestoreSwift in Frameworks */ = {isa = PBXBuildFile; productRef = ED6F644D29E83A5D00830CE2 /* FirebaseFirestoreSwift */; };
		ED6F645029E83A5D00830CE2 /* FirebaseStorage in Frameworks */ = {isa = PBXBuildFile; productRef = ED6F644F29E83A5D00830CE2 /* FirebaseStorage */; };
		ED6F645229E83A5D00830CE2 /* FirebaseStorageCombine-Community in Frameworks */ = {isa = PBXBuildFile; productRef = ED6F645129E83A5D00830CE2 /* FirebaseStorageCombine-Community */; };
/* End PBXBuildFile section */

/* Begin PBXFileReference section */
		ED6F640D29E574C200830CE2 /* MessengerClone.app */ = {isa = PBXFileReference; explicitFileType = wrapper.application; includeInIndex = 0; path = MessengerClone.app; sourceTree = BUILT_PRODUCTS_DIR; };
		ED6F641029E574C200830CE2 /* AppDelegate.swift */ = {isa = PBXFileReference; lastKnownFileType = sourcecode.swift; path = AppDelegate.swift; sourceTree = "<group>"; };
		ED6F641229E574C200830CE2 /* SceneDelegate.swift */ = {isa = PBXFileReference; lastKnownFileType = sourcecode.swift; path = SceneDelegate.swift; sourceTree = "<group>"; };
		ED6F641429E574C200830CE2 /* ConversationsViewController.swift */ = {isa = PBXFileReference; lastKnownFileType = sourcecode.swift; path = ConversationsViewController.swift; sourceTree = "<group>"; };
		ED6F641729E574C200830CE2 /* Base */ = {isa = PBXFileReference; lastKnownFileType = file.storyboard; name = Base; path = Base.lproj/Main.storyboard; sourceTree = "<group>"; };
		ED6F641929E574C400830CE2 /* Assets.xcassets */ = {isa = PBXFileReference; lastKnownFileType = folder.assetcatalog; path = Assets.xcassets; sourceTree = "<group>"; };
		ED6F641C29E574C400830CE2 /* Base */ = {isa = PBXFileReference; lastKnownFileType = file.storyboard; name = Base; path = Base.lproj/LaunchScreen.storyboard; sourceTree = "<group>"; };
		ED6F641E29E574C400830CE2 /* Info.plist */ = {isa = PBXFileReference; lastKnownFileType = text.plist.xml; path = Info.plist; sourceTree = "<group>"; };
		ED6F642A29E585EA00830CE2 /* LoginViewController.swift */ = {isa = PBXFileReference; lastKnownFileType = sourcecode.swift; path = LoginViewController.swift; sourceTree = "<group>"; };
		ED6F642C29E585F700830CE2 /* RegisterViewController.swift */ = {isa = PBXFileReference; lastKnownFileType = sourcecode.swift; path = RegisterViewController.swift; sourceTree = "<group>"; };
		ED6F642F29E5861800830CE2 /* PhotoViewerViewController.swift */ = {isa = PBXFileReference; lastKnownFileType = sourcecode.swift; path = PhotoViewerViewController.swift; sourceTree = "<group>"; };
		ED6F643129E5862600830CE2 /* VideoPlayerViewController.swift */ = {isa = PBXFileReference; lastKnownFileType = sourcecode.swift; path = VideoPlayerViewController.swift; sourceTree = "<group>"; };
		ED6F643329E5863800830CE2 /* NewConversationViewController.swift */ = {isa = PBXFileReference; lastKnownFileType = sourcecode.swift; path = NewConversationViewController.swift; sourceTree = "<group>"; };
		ED6F643529E5864600830CE2 /* ProfileViewController.swift */ = {isa = PBXFileReference; lastKnownFileType = sourcecode.swift; path = ProfileViewController.swift; sourceTree = "<group>"; };
		ED6F643729E5937C00830CE2 /* Extensions.swift */ = {isa = PBXFileReference; lastKnownFileType = sourcecode.swift; path = Extensions.swift; sourceTree = "<group>"; };
		ED6F643929E599E900830CE2 /* ReusableTextField.swift */ = {isa = PBXFileReference; lastKnownFileType = sourcecode.swift; path = ReusableTextField.swift; sourceTree = "<group>"; };
		ED6F643C29E59E7000830CE2 /* ReusableButton.swift */ = {isa = PBXFileReference; lastKnownFileType = sourcecode.swift; path = ReusableButton.swift; sourceTree = "<group>"; };
		ED6F643E29E8393F00830CE2 /* GoogleService-Info.plist */ = {isa = PBXFileReference; fileEncoding = 4; lastKnownFileType = text.plist.xml; path = "GoogleService-Info.plist"; sourceTree = "<group>"; };
/* End PBXFileReference section */

/* Begin PBXFrameworksBuildPhase section */
		ED6F640A29E574C200830CE2 /* Frameworks */ = {
			isa = PBXFrameworksBuildPhase;
			buildActionMask = 2147483647;
			files = (
				ED6F644829E83A5D00830CE2 /* FirebaseDatabaseSwift in Frameworks */,
				ED6F644629E83A5D00830CE2 /* FirebaseDatabase in Frameworks */,
				ED6F644229E83A5D00830CE2 /* FirebaseAuth in Frameworks */,
				ED6F644E29E83A5D00830CE2 /* FirebaseFirestoreSwift in Frameworks */,
				ED6F644C29E83A5D00830CE2 /* FirebaseFirestoreCombine-Community in Frameworks */,
				ED6F645029E83A5D00830CE2 /* FirebaseStorage in Frameworks */,
				ED6F644A29E83A5D00830CE2 /* FirebaseFirestore in Frameworks */,
				ED6F645229E83A5D00830CE2 /* FirebaseStorageCombine-Community in Frameworks */,
				ED6F644429E83A5D00830CE2 /* FirebaseAuthCombine-Community in Frameworks */,
			);
			runOnlyForDeploymentPostprocessing = 0;
		};
/* End PBXFrameworksBuildPhase section */

/* Begin PBXGroup section */
		ED6F640429E574C200830CE2 = {
			isa = PBXGroup;
			children = (
				ED6F640F29E574C200830CE2 /* MessengerClone */,
				ED6F640E29E574C200830CE2 /* Products */,
			);
			sourceTree = "<group>";
		};
		ED6F640E29E574C200830CE2 /* Products */ = {
			isa = PBXGroup;
			children = (
				ED6F640D29E574C200830CE2 /* MessengerClone.app */,
			);
			name = Products;
			sourceTree = "<group>";
		};
		ED6F640F29E574C200830CE2 /* MessengerClone */ = {
			isa = PBXGroup;
			children = (
				ED6F643E29E8393F00830CE2 /* GoogleService-Info.plist */,
				ED6F642829E57CEB00830CE2 /* Resources */,
				ED6F642729E57CDF00830CE2 /* ViewModels */,
				ED6F642629E57CD500830CE2 /* Models */,
				ED6F642529E57CCD00830CE2 /* Views */,
				ED6F642429E57CBA00830CE2 /* Controllers */,
				ED6F641E29E574C400830CE2 /* Info.plist */,
			);
			path = MessengerClone;
			sourceTree = "<group>";
		};
		ED6F642429E57CBA00830CE2 /* Controllers */ = {
			isa = PBXGroup;
			children = (
				ED6F641429E574C200830CE2 /* ConversationsViewController.swift */,
				ED6F642A29E585EA00830CE2 /* LoginViewController.swift */,
				ED6F642C29E585F700830CE2 /* RegisterViewController.swift */,
				ED6F642F29E5861800830CE2 /* PhotoViewerViewController.swift */,
				ED6F643129E5862600830CE2 /* VideoPlayerViewController.swift */,
				ED6F643329E5863800830CE2 /* NewConversationViewController.swift */,
				ED6F643529E5864600830CE2 /* ProfileViewController.swift */,
			);
			path = Controllers;
			sourceTree = "<group>";
		};
		ED6F642529E57CCD00830CE2 /* Views */ = {
			isa = PBXGroup;
			children = (
				ED6F643B29E59E5700830CE2 /* ReusableViews */,
				ED6F642929E585B200830CE2 /* Storyboards */,
				ED6F641929E574C400830CE2 /* Assets.xcassets */,
			);
			path = Views;
			sourceTree = "<group>";
		};
		ED6F642629E57CD500830CE2 /* Models */ = {
			isa = PBXGroup;
			children = (
			);
			path = Models;
			sourceTree = "<group>";
		};
		ED6F642729E57CDF00830CE2 /* ViewModels */ = {
			isa = PBXGroup;
			children = (
			);
			path = ViewModels;
			sourceTree = "<group>";
		};
		ED6F642829E57CEB00830CE2 /* Resources */ = {
			isa = PBXGroup;
			children = (
				ED6F641029E574C200830CE2 /* AppDelegate.swift */,
				ED6F641229E574C200830CE2 /* SceneDelegate.swift */,
				ED6F643729E5937C00830CE2 /* Extensions.swift */,
			);
			path = Resources;
			sourceTree = "<group>";
		};
		ED6F642929E585B200830CE2 /* Storyboards */ = {
			isa = PBXGroup;
			children = (
				ED6F641629E574C200830CE2 /* Main.storyboard */,
				ED6F641B29E574C400830CE2 /* LaunchScreen.storyboard */,
			);
			path = Storyboards;
			sourceTree = "<group>";
		};
		ED6F643B29E59E5700830CE2 /* ReusableViews */ = {
			isa = PBXGroup;
			children = (
				ED6F643929E599E900830CE2 /* ReusableTextField.swift */,
				ED6F643C29E59E7000830CE2 /* ReusableButton.swift */,
			);
			path = ReusableViews;
			sourceTree = "<group>";
		};
/* End PBXGroup section */

/* Begin PBXNativeTarget section */
		ED6F640C29E574C200830CE2 /* MessengerClone */ = {
			isa = PBXNativeTarget;
			buildConfigurationList = ED6F642129E574C400830CE2 /* Build configuration list for PBXNativeTarget "MessengerClone" */;
			buildPhases = (
				ED6F640929E574C200830CE2 /* Sources */,
				ED6F640A29E574C200830CE2 /* Frameworks */,
				ED6F640B29E574C200830CE2 /* Resources */,
			);
			buildRules = (
			);
			dependencies = (
			);
			name = MessengerClone;
			packageProductDependencies = (
				ED6F644129E83A5D00830CE2 /* FirebaseAuth */,
				ED6F644329E83A5D00830CE2 /* FirebaseAuthCombine-Community */,
				ED6F644529E83A5D00830CE2 /* FirebaseDatabase */,
				ED6F644729E83A5D00830CE2 /* FirebaseDatabaseSwift */,
				ED6F644929E83A5D00830CE2 /* FirebaseFirestore */,
				ED6F644B29E83A5D00830CE2 /* FirebaseFirestoreCombine-Community */,
				ED6F644D29E83A5D00830CE2 /* FirebaseFirestoreSwift */,
				ED6F644F29E83A5D00830CE2 /* FirebaseStorage */,
				ED6F645129E83A5D00830CE2 /* FirebaseStorageCombine-Community */,
			);
			productName = MessengerClone;
			productReference = ED6F640D29E574C200830CE2 /* MessengerClone.app */;
			productType = "com.apple.product-type.application";
		};
/* End PBXNativeTarget section */

/* Begin PBXProject section */
		ED6F640529E574C200830CE2 /* Project object */ = {
			isa = PBXProject;
			attributes = {
				BuildIndependentTargetsInParallel = 1;
				LastSwiftUpdateCheck = 1420;
				LastUpgradeCheck = 1420;
				TargetAttributes = {
					ED6F640C29E574C200830CE2 = {
						CreatedOnToolsVersion = 14.2;
					};
				};
			};
			buildConfigurationList = ED6F640829E574C200830CE2 /* Build configuration list for PBXProject "MessengerClone" */;
			compatibilityVersion = "Xcode 14.0";
			developmentRegion = en;
			hasScannedForEncodings = 0;
			knownRegions = (
				en,
				Base,
			);
			mainGroup = ED6F640429E574C200830CE2;
			packageReferences = (
				ED6F644029E83A5D00830CE2 /* XCRemoteSwiftPackageReference "firebase-ios-sdk" */,
			);
			productRefGroup = ED6F640E29E574C200830CE2 /* Products */;
			projectDirPath = "";
			projectRoot = "";
			targets = (
				ED6F640C29E574C200830CE2 /* MessengerClone */,
			);
		};
/* End PBXProject section */

/* Begin PBXResourcesBuildPhase section */
		ED6F640B29E574C200830CE2 /* Resources */ = {
			isa = PBXResourcesBuildPhase;
			buildActionMask = 2147483647;
			files = (
				ED6F641D29E574C400830CE2 /* LaunchScreen.storyboard in Resources */,
				ED6F641A29E574C400830CE2 /* Assets.xcassets in Resources */,
				ED6F643F29E8393F00830CE2 /* GoogleService-Info.plist in Resources */,
				ED6F641829E574C200830CE2 /* Main.storyboard in Resources */,
			);
			runOnlyForDeploymentPostprocessing = 0;
		};
/* End PBXResourcesBuildPhase section */

/* Begin PBXSourcesBuildPhase section */
		ED6F640929E574C200830CE2 /* Sources */ = {
			isa = PBXSourcesBuildPhase;
			buildActionMask = 2147483647;
			files = (
				ED6F642B29E585EA00830CE2 /* LoginViewController.swift in Sources */,
				ED6F642D29E585F700830CE2 /* RegisterViewController.swift in Sources */,
				ED6F643D29E59E7000830CE2 /* ReusableButton.swift in Sources */,
				ED6F643429E5863800830CE2 /* NewConversationViewController.swift in Sources */,
				ED6F641529E574C200830CE2 /* ConversationsViewController.swift in Sources */,
				ED6F643229E5862600830CE2 /* VideoPlayerViewController.swift in Sources */,
				ED6F643829E5937C00830CE2 /* Extensions.swift in Sources */,
				ED6F641129E574C200830CE2 /* AppDelegate.swift in Sources */,
				ED6F643629E5864600830CE2 /* ProfileViewController.swift in Sources */,
				ED6F641329E574C200830CE2 /* SceneDelegate.swift in Sources */,
				ED6F643A29E599E900830CE2 /* ReusableTextField.swift in Sources */,
				ED6F643029E5861800830CE2 /* PhotoViewerViewController.swift in Sources */,
			);
			runOnlyForDeploymentPostprocessing = 0;
		};
/* End PBXSourcesBuildPhase section */

/* Begin PBXVariantGroup section */
		ED6F641629E574C200830CE2 /* Main.storyboard */ = {
			isa = PBXVariantGroup;
			children = (
				ED6F641729E574C200830CE2 /* Base */,
			);
			name = Main.storyboard;
			sourceTree = "<group>";
		};
		ED6F641B29E574C400830CE2 /* LaunchScreen.storyboard */ = {
			isa = PBXVariantGroup;
			children = (
				ED6F641C29E574C400830CE2 /* Base */,
			);
			name = LaunchScreen.storyboard;
			sourceTree = "<group>";
		};
/* End PBXVariantGroup section */

/* Begin XCBuildConfiguration section */
		ED6F641F29E574C400830CE2 /* Debug */ = {
			isa = XCBuildConfiguration;
			buildSettings = {
				ALWAYS_SEARCH_USER_PATHS = NO;
				CLANG_ANALYZER_NONNULL = YES;
				CLANG_ANALYZER_NUMBER_OBJECT_CONVERSION = YES_AGGRESSIVE;
				CLANG_CXX_LANGUAGE_STANDARD = "gnu++20";
				CLANG_ENABLE_MODULES = YES;
				CLANG_ENABLE_OBJC_ARC = YES;
				CLANG_ENABLE_OBJC_WEAK = YES;
				CLANG_WARN_BLOCK_CAPTURE_AUTORELEASING = YES;
				CLANG_WARN_BOOL_CONVERSION = YES;
				CLANG_WARN_COMMA = YES;
				CLANG_WARN_CONSTANT_CONVERSION = YES;
				CLANG_WARN_DEPRECATED_OBJC_IMPLEMENTATIONS = YES;
				CLANG_WARN_DIRECT_OBJC_ISA_USAGE = YES_ERROR;
				CLANG_WARN_DOCUMENTATION_COMMENTS = YES;
				CLANG_WARN_EMPTY_BODY = YES;
				CLANG_WARN_ENUM_CONVERSION = YES;
				CLANG_WARN_INFINITE_RECURSION = YES;
				CLANG_WARN_INT_CONVERSION = YES;
				CLANG_WARN_NON_LITERAL_NULL_CONVERSION = YES;
				CLANG_WARN_OBJC_IMPLICIT_RETAIN_SELF = YES;
				CLANG_WARN_OBJC_LITERAL_CONVERSION = YES;
				CLANG_WARN_OBJC_ROOT_CLASS = YES_ERROR;
				CLANG_WARN_QUOTED_INCLUDE_IN_FRAMEWORK_HEADER = YES;
				CLANG_WARN_RANGE_LOOP_ANALYSIS = YES;
				CLANG_WARN_STRICT_PROTOTYPES = YES;
				CLANG_WARN_SUSPICIOUS_MOVE = YES;
				CLANG_WARN_UNGUARDED_AVAILABILITY = YES_AGGRESSIVE;
				CLANG_WARN_UNREACHABLE_CODE = YES;
				CLANG_WARN__DUPLICATE_METHOD_MATCH = YES;
				COPY_PHASE_STRIP = NO;
				DEBUG_INFORMATION_FORMAT = dwarf;
				ENABLE_STRICT_OBJC_MSGSEND = YES;
				ENABLE_TESTABILITY = YES;
				GCC_C_LANGUAGE_STANDARD = gnu11;
				GCC_DYNAMIC_NO_PIC = NO;
				GCC_NO_COMMON_BLOCKS = YES;
				GCC_OPTIMIZATION_LEVEL = 0;
				GCC_PREPROCESSOR_DEFINITIONS = (
					"DEBUG=1",
					"$(inherited)",
				);
				GCC_WARN_64_TO_32_BIT_CONVERSION = YES;
				GCC_WARN_ABOUT_RETURN_TYPE = YES_ERROR;
				GCC_WARN_UNDECLARED_SELECTOR = YES;
				GCC_WARN_UNINITIALIZED_AUTOS = YES_AGGRESSIVE;
				GCC_WARN_UNUSED_FUNCTION = YES;
				GCC_WARN_UNUSED_VARIABLE = YES;
				IPHONEOS_DEPLOYMENT_TARGET = 16.2;
				MTL_ENABLE_DEBUG_INFO = INCLUDE_SOURCE;
				MTL_FAST_MATH = YES;
				ONLY_ACTIVE_ARCH = YES;
				SDKROOT = iphoneos;
				SWIFT_ACTIVE_COMPILATION_CONDITIONS = DEBUG;
				SWIFT_OPTIMIZATION_LEVEL = "-Onone";
			};
			name = Debug;
		};
		ED6F642029E574C400830CE2 /* Release */ = {
			isa = XCBuildConfiguration;
			buildSettings = {
				ALWAYS_SEARCH_USER_PATHS = NO;
				CLANG_ANALYZER_NONNULL = YES;
				CLANG_ANALYZER_NUMBER_OBJECT_CONVERSION = YES_AGGRESSIVE;
				CLANG_CXX_LANGUAGE_STANDARD = "gnu++20";
				CLANG_ENABLE_MODULES = YES;
				CLANG_ENABLE_OBJC_ARC = YES;
				CLANG_ENABLE_OBJC_WEAK = YES;
				CLANG_WARN_BLOCK_CAPTURE_AUTORELEASING = YES;
				CLANG_WARN_BOOL_CONVERSION = YES;
				CLANG_WARN_COMMA = YES;
				CLANG_WARN_CONSTANT_CONVERSION = YES;
				CLANG_WARN_DEPRECATED_OBJC_IMPLEMENTATIONS = YES;
				CLANG_WARN_DIRECT_OBJC_ISA_USAGE = YES_ERROR;
				CLANG_WARN_DOCUMENTATION_COMMENTS = YES;
				CLANG_WARN_EMPTY_BODY = YES;
				CLANG_WARN_ENUM_CONVERSION = YES;
				CLANG_WARN_INFINITE_RECURSION = YES;
				CLANG_WARN_INT_CONVERSION = YES;
				CLANG_WARN_NON_LITERAL_NULL_CONVERSION = YES;
				CLANG_WARN_OBJC_IMPLICIT_RETAIN_SELF = YES;
				CLANG_WARN_OBJC_LITERAL_CONVERSION = YES;
				CLANG_WARN_OBJC_ROOT_CLASS = YES_ERROR;
				CLANG_WARN_QUOTED_INCLUDE_IN_FRAMEWORK_HEADER = YES;
				CLANG_WARN_RANGE_LOOP_ANALYSIS = YES;
				CLANG_WARN_STRICT_PROTOTYPES = YES;
				CLANG_WARN_SUSPICIOUS_MOVE = YES;
				CLANG_WARN_UNGUARDED_AVAILABILITY = YES_AGGRESSIVE;
				CLANG_WARN_UNREACHABLE_CODE = YES;
				CLANG_WARN__DUPLICATE_METHOD_MATCH = YES;
				COPY_PHASE_STRIP = NO;
				DEBUG_INFORMATION_FORMAT = "dwarf-with-dsym";
				ENABLE_NS_ASSERTIONS = NO;
				ENABLE_STRICT_OBJC_MSGSEND = YES;
				GCC_C_LANGUAGE_STANDARD = gnu11;
				GCC_NO_COMMON_BLOCKS = YES;
				GCC_WARN_64_TO_32_BIT_CONVERSION = YES;
				GCC_WARN_ABOUT_RETURN_TYPE = YES_ERROR;
				GCC_WARN_UNDECLARED_SELECTOR = YES;
				GCC_WARN_UNINITIALIZED_AUTOS = YES_AGGRESSIVE;
				GCC_WARN_UNUSED_FUNCTION = YES;
				GCC_WARN_UNUSED_VARIABLE = YES;
				IPHONEOS_DEPLOYMENT_TARGET = 16.2;
				MTL_ENABLE_DEBUG_INFO = NO;
				MTL_FAST_MATH = YES;
				SDKROOT = iphoneos;
				SWIFT_COMPILATION_MODE = wholemodule;
				SWIFT_OPTIMIZATION_LEVEL = "-O";
				VALIDATE_PRODUCT = YES;
			};
			name = Release;
		};
		ED6F642229E574C400830CE2 /* Debug */ = {
			isa = XCBuildConfiguration;
			buildSettings = {
				ASSETCATALOG_COMPILER_APPICON_NAME = AppIcon;
				ASSETCATALOG_COMPILER_GLOBAL_ACCENT_COLOR_NAME = AccentColor;
				CODE_SIGN_STYLE = Automatic;
				CURRENT_PROJECT_VERSION = 1;
				GENERATE_INFOPLIST_FILE = YES;
				INFOPLIST_FILE = MessengerClone/Info.plist;
				INFOPLIST_KEY_UIApplicationSupportsIndirectInputEvents = YES;
				INFOPLIST_KEY_UILaunchStoryboardName = LaunchScreen;
				INFOPLIST_KEY_UIMainStoryboardFile = Main;
				INFOPLIST_KEY_UISupportedInterfaceOrientations = UIInterfaceOrientationPortrait;
				INFOPLIST_KEY_UISupportedInterfaceOrientations_iPad = "UIInterfaceOrientationPortrait UIInterfaceOrientationPortraitUpsideDown";
				LD_RUNPATH_SEARCH_PATHS = (
					"$(inherited)",
					"@executable_path/Frameworks",
				);
				MARKETING_VERSION = 1.0;
				PRODUCT_BUNDLE_IDENTIFIER = bekabuturishvili.MessengerClone;
				PRODUCT_NAME = "$(TARGET_NAME)";
				SWIFT_EMIT_LOC_STRINGS = YES;
				SWIFT_VERSION = 5.0;
				TARGETED_DEVICE_FAMILY = "1,2";
			};
			name = Debug;
		};
		ED6F642329E574C400830CE2 /* Release */ = {
			isa = XCBuildConfiguration;
			buildSettings = {
				ASSETCATALOG_COMPILER_APPICON_NAME = AppIcon;
				ASSETCATALOG_COMPILER_GLOBAL_ACCENT_COLOR_NAME = AccentColor;
				CODE_SIGN_STYLE = Automatic;
				CURRENT_PROJECT_VERSION = 1;
				GENERATE_INFOPLIST_FILE = YES;
				INFOPLIST_FILE = MessengerClone/Info.plist;
				INFOPLIST_KEY_UIApplicationSupportsIndirectInputEvents = YES;
				INFOPLIST_KEY_UILaunchStoryboardName = LaunchScreen;
				INFOPLIST_KEY_UIMainStoryboardFile = Main;
				INFOPLIST_KEY_UISupportedInterfaceOrientations = UIInterfaceOrientationPortrait;
				INFOPLIST_KEY_UISupportedInterfaceOrientations_iPad = "UIInterfaceOrientationPortrait UIInterfaceOrientationPortraitUpsideDown";
				LD_RUNPATH_SEARCH_PATHS = (
					"$(inherited)",
					"@executable_path/Frameworks",
				);
				MARKETING_VERSION = 1.0;
				PRODUCT_BUNDLE_IDENTIFIER = bekabuturishvili.MessengerClone;
				PRODUCT_NAME = "$(TARGET_NAME)";
				SWIFT_EMIT_LOC_STRINGS = YES;
				SWIFT_VERSION = 5.0;
				TARGETED_DEVICE_FAMILY = "1,2";
			};
			name = Release;
		};
/* End XCBuildConfiguration section */

/* Begin XCConfigurationList section */
		ED6F640829E574C200830CE2 /* Build configuration list for PBXProject "MessengerClone" */ = {
			isa = XCConfigurationList;
			buildConfigurations = (
				ED6F641F29E574C400830CE2 /* Debug */,
				ED6F642029E574C400830CE2 /* Release */,
			);
			defaultConfigurationIsVisible = 0;
			defaultConfigurationName = Release;
		};
		ED6F642129E574C400830CE2 /* Build configuration list for PBXNativeTarget "MessengerClone" */ = {
			isa = XCConfigurationList;
			buildConfigurations = (
				ED6F642229E574C400830CE2 /* Debug */,
				ED6F642329E574C400830CE2 /* Release */,
			);
			defaultConfigurationIsVisible = 0;
			defaultConfigurationName = Release;
		};
/* End XCConfigurationList section */

/* Begin XCRemoteSwiftPackageReference section */
		ED6F644029E83A5D00830CE2 /* XCRemoteSwiftPackageReference "firebase-ios-sdk" */ = {
			isa = XCRemoteSwiftPackageReference;
			repositoryURL = "https://github.com/firebase/firebase-ios-sdk";
			requirement = {
				branch = master;
				kind = branch;
			};
		};
/* End XCRemoteSwiftPackageReference section */

/* Begin XCSwiftPackageProductDependency section */
		ED6F644129E83A5D00830CE2 /* FirebaseAuth */ = {
			isa = XCSwiftPackageProductDependency;
			package = ED6F644029E83A5D00830CE2 /* XCRemoteSwiftPackageReference "firebase-ios-sdk" */;
			productName = FirebaseAuth;
		};
		ED6F644329E83A5D00830CE2 /* FirebaseAuthCombine-Community */ = {
			isa = XCSwiftPackageProductDependency;
			package = ED6F644029E83A5D00830CE2 /* XCRemoteSwiftPackageReference "firebase-ios-sdk" */;
			productName = "FirebaseAuthCombine-Community";
		};
		ED6F644529E83A5D00830CE2 /* FirebaseDatabase */ = {
			isa = XCSwiftPackageProductDependency;
			package = ED6F644029E83A5D00830CE2 /* XCRemoteSwiftPackageReference "firebase-ios-sdk" */;
			productName = FirebaseDatabase;
		};
		ED6F644729E83A5D00830CE2 /* FirebaseDatabaseSwift */ = {
			isa = XCSwiftPackageProductDependency;
			package = ED6F644029E83A5D00830CE2 /* XCRemoteSwiftPackageReference "firebase-ios-sdk" */;
			productName = FirebaseDatabaseSwift;
		};
		ED6F644929E83A5D00830CE2 /* FirebaseFirestore */ = {
			isa = XCSwiftPackageProductDependency;
			package = ED6F644029E83A5D00830CE2 /* XCRemoteSwiftPackageReference "firebase-ios-sdk" */;
			productName = FirebaseFirestore;
		};
		ED6F644B29E83A5D00830CE2 /* FirebaseFirestoreCombine-Community */ = {
			isa = XCSwiftPackageProductDependency;
			package = ED6F644029E83A5D00830CE2 /* XCRemoteSwiftPackageReference "firebase-ios-sdk" */;
			productName = "FirebaseFirestoreCombine-Community";
		};
		ED6F644D29E83A5D00830CE2 /* FirebaseFirestoreSwift */ = {
			isa = XCSwiftPackageProductDependency;
			package = ED6F644029E83A5D00830CE2 /* XCRemoteSwiftPackageReference "firebase-ios-sdk" */;
			productName = FirebaseFirestoreSwift;
		};
		ED6F644F29E83A5D00830CE2 /* FirebaseStorage */ = {
			isa = XCSwiftPackageProductDependency;
			package = ED6F644029E83A5D00830CE2 /* XCRemoteSwiftPackageReference "firebase-ios-sdk" */;
			productName = FirebaseStorage;
		};
		ED6F645129E83A5D00830CE2 /* FirebaseStorageCombine-Community */ = {
			isa = XCSwiftPackageProductDependency;
			package = ED6F644029E83A5D00830CE2 /* XCRemoteSwiftPackageReference "firebase-ios-sdk" */;
			productName = "FirebaseStorageCombine-Community";
		};
/* End XCSwiftPackageProductDependency section */
	};
	rootObject = ED6F640529E574C200830CE2 /* Project object */;
}
